// !$*UTF8*$!
{
	archiveVersion = 1;
	classes = {
	};
	objectVersion = 56;
	objects = {

/* Begin PBXBuildFile section */
		34D5BFA02BFF7828000A2B57 /* TicTacToeSwiftUIGameApp.swift in Sources */ = {isa = PBXBuildFile; fileRef = 34D5BF9F2BFF7828000A2B57 /* TicTacToeSwiftUIGameApp.swift */; };
		34D5BFA22BFF7828000A2B57 /* GamesView.swift in Sources */ = {isa = PBXBuildFile; fileRef = 34D5BFA12BFF7828000A2B57 /* GamesView.swift */; };
		34D5BFA42BFF7829000A2B57 /* Assets.xcassets in Resources */ = {isa = PBXBuildFile; fileRef = 34D5BFA32BFF7829000A2B57 /* Assets.xcassets */; };
		34D5BFA72BFF7829000A2B57 /* Preview Assets.xcassets in Resources */ = {isa = PBXBuildFile; fileRef = 34D5BFA62BFF7829000A2B57 /* Preview Assets.xcassets */; };
		34D5BFAE2BFF9CB0000A2B57 /* Alert.swift in Sources */ = {isa = PBXBuildFile; fileRef = 34D5BFAD2BFF9CB0000A2B57 /* Alert.swift */; };
		34D5BFB02BFFA9D7000A2B57 /* GamesViewModel.swift in Sources */ = {isa = PBXBuildFile; fileRef = 34D5BFAF2BFFA9D7000A2B57 /* GamesViewModel.swift */; };
		34D5BFB22BFFB06D000A2B57 /* GameUIView.swift in Sources */ = {isa = PBXBuildFile; fileRef = 34D5BFB12BFFB06D000A2B57 /* GameUIView.swift */; };
		34D5BFB42BFFB0C2000A2B57 /* GameModel.swift in Sources */ = {isa = PBXBuildFile; fileRef = 34D5BFB32BFFB0C2000A2B57 /* GameModel.swift */; };
/* End PBXBuildFile section */

/* Begin PBXFileReference section */
		34D5BF9C2BFF7828000A2B57 /* TicTacToeSwiftUIGame.app */ = {isa = PBXFileReference; explicitFileType = wrapper.application; includeInIndex = 0; path = TicTacToeSwiftUIGame.app; sourceTree = BUILT_PRODUCTS_DIR; };
		34D5BF9F2BFF7828000A2B57 /* TicTacToeSwiftUIGameApp.swift */ = {isa = PBXFileReference; lastKnownFileType = sourcecode.swift; path = TicTacToeSwiftUIGameApp.swift; sourceTree = "<group>"; };
		34D5BFA12BFF7828000A2B57 /* GamesView.swift */ = {isa = PBXFileReference; lastKnownFileType = sourcecode.swift; path = GamesView.swift; sourceTree = "<group>"; };
		34D5BFA32BFF7829000A2B57 /* Assets.xcassets */ = {isa = PBXFileReference; lastKnownFileType = folder.assetcatalog; path = Assets.xcassets; sourceTree = "<group>"; };
		34D5BFA62BFF7829000A2B57 /* Preview Assets.xcassets */ = {isa = PBXFileReference; lastKnownFileType = folder.assetcatalog; path = "Preview Assets.xcassets"; sourceTree = "<group>"; };
		34D5BFAD2BFF9CB0000A2B57 /* Alert.swift */ = {isa = PBXFileReference; lastKnownFileType = sourcecode.swift; path = Alert.swift; sourceTree = "<group>"; };
		34D5BFAF2BFFA9D7000A2B57 /* GamesViewModel.swift */ = {isa = PBXFileReference; lastKnownFileType = sourcecode.swift; path = GamesViewModel.swift; sourceTree = "<group>"; };
		34D5BFB12BFFB06D000A2B57 /* GameUIView.swift */ = {isa = PBXFileReference; lastKnownFileType = sourcecode.swift; path = GameUIView.swift; sourceTree = "<group>"; };
		34D5BFB32BFFB0C2000A2B57 /* GameModel.swift */ = {isa = PBXFileReference; lastKnownFileType = sourcecode.swift; path = GameModel.swift; sourceTree = "<group>"; };
/* End PBXFileReference section */

/* Begin PBXFrameworksBuildPhase section */
		34D5BF992BFF7828000A2B57 /* Frameworks */ = {
			isa = PBXFrameworksBuildPhase;
			buildActionMask = 2147483647;
			files = (
			);
			runOnlyForDeploymentPostprocessing = 0;
		};
/* End PBXFrameworksBuildPhase section */

/* Begin PBXGroup section */
		34D5BF932BFF7828000A2B57 = {
			isa = PBXGroup;
			children = (
				34D5BF9E2BFF7828000A2B57 /* TicTacToeSwiftUIGame */,
				34D5BF9D2BFF7828000A2B57 /* Products */,
			);
			sourceTree = "<group>";
		};
		34D5BF9D2BFF7828000A2B57 /* Products */ = {
			isa = PBXGroup;
			children = (
				34D5BF9C2BFF7828000A2B57 /* TicTacToeSwiftUIGame.app */,
			);
			name = Products;
			sourceTree = "<group>";
		};
		34D5BF9E2BFF7828000A2B57 /* TicTacToeSwiftUIGame */ = {
			isa = PBXGroup;
			children = (
				34D5BF9F2BFF7828000A2B57 /* TicTacToeSwiftUIGameApp.swift */,
				34D5BFA12BFF7828000A2B57 /* GamesView.swift */,
				34D5BFB32BFFB0C2000A2B57 /* GameModel.swift */,
				34D5BFAF2BFFA9D7000A2B57 /* GamesViewModel.swift */,
				34D5BFB12BFFB06D000A2B57 /* GameUIView.swift */,
				34D5BFAD2BFF9CB0000A2B57 /* Alert.swift */,
				34D5BFA32BFF7829000A2B57 /* Assets.xcassets */,
				34D5BFA52BFF7829000A2B57 /* Preview Content */,
			);
			path = TicTacToeSwiftUIGame;
			sourceTree = "<group>";
		};
		34D5BFA52BFF7829000A2B57 /* Preview Content */ = {
			isa = PBXGroup;
			children = (
				34D5BFA62BFF7829000A2B57 /* Preview Assets.xcassets */,
			);
			path = "Preview Content";
			sourceTree = "<group>";
		};
/* End PBXGroup section */

/* Begin PBXNativeTarget section */
		34D5BF9B2BFF7828000A2B57 /* TicTacToeSwiftUIGame */ = {
			isa = PBXNativeTarget;
			buildConfigurationList = 34D5BFAA2BFF7829000A2B57 /* Build configuration list for PBXNativeTarget "TicTacToeSwiftUIGame" */;
			buildPhases = (
				34D5BF982BFF7828000A2B57 /* Sources */,
				34D5BF992BFF7828000A2B57 /* Frameworks */,
				34D5BF9A2BFF7828000A2B57 /* Resources */,
			);
			buildRules = (
			);
			dependencies = (
			);
			name = TicTacToeSwiftUIGame;
			productName = TicTacToeSwiftUIGame;
			productReference = 34D5BF9C2BFF7828000A2B57 /* TicTacToeSwiftUIGame.app */;
			productType = "com.apple.product-type.application";
		};
/* End PBXNativeTarget section */

/* Begin PBXProject section */
		34D5BF942BFF7828000A2B57 /* Project object */ = {
			isa = PBXProject;
			attributes = {
				BuildIndependentTargetsInParallel = 1;
				LastSwiftUpdateCheck = 1540;
				LastUpgradeCheck = 1540;
				TargetAttributes = {
					34D5BF9B2BFF7828000A2B57 = {
						CreatedOnToolsVersion = 15.4;
					};
				};
			};
			buildConfigurationList = 34D5BF972BFF7828000A2B57 /* Build configuration list for PBXProject "TicTacToeSwiftUIGame" */;
			compatibilityVersion = "Xcode 14.0";
			developmentRegion = en;
			hasScannedForEncodings = 0;
			knownRegions = (
				en,
				Base,
			);
			mainGroup = 34D5BF932BFF7828000A2B57;
			productRefGroup = 34D5BF9D2BFF7828000A2B57 /* Products */;
			projectDirPath = "";
			projectRoot = "";
			targets = (
				34D5BF9B2BFF7828000A2B57 /* TicTacToeSwiftUIGame */,
			);
		};
/* End PBXProject section */

/* Begin PBXResourcesBuildPhase section */
		34D5BF9A2BFF7828000A2B57 /* Resources */ = {
			isa = PBXResourcesBuildPhase;
			buildActionMask = 2147483647;
			files = (
				34D5BFA72BFF7829000A2B57 /* Preview Assets.xcassets in Resources */,
				34D5BFA42BFF7829000A2B57 /* Assets.xcassets in Resources */,
			);
			runOnlyForDeploymentPostprocessing = 0;
		};
/* End PBXResourcesBuildPhase section */

/* Begin PBXSourcesBuildPhase section */
		34D5BF982BFF7828000A2B57 /* Sources */ = {
			isa = PBXSourcesBuildPhase;
			buildActionMask = 2147483647;
			files = (
				34D5BFB02BFFA9D7000A2B57 /* GamesViewModel.swift in Sources */,
				34D5BFAE2BFF9CB0000A2B57 /* Alert.swift in Sources */,
				34D5BFB22BFFB06D000A2B57 /* GameUIView.swift in Sources */,
				34D5BFA22BFF7828000A2B57 /* GamesView.swift in Sources */,
				34D5BFA02BFF7828000A2B57 /* TicTacToeSwiftUIGameApp.swift in Sources */,
				34D5BFB42BFFB0C2000A2B57 /* GameModel.swift in Sources */,
			);
			runOnlyForDeploymentPostprocessing = 0;
		};
/* End PBXSourcesBuildPhase section */

/* Begin XCBuildConfiguration section */
		34D5BFA82BFF7829000A2B57 /* Debug */ = {
			isa = XCBuildConfiguration;
			buildSettings = {
				ALWAYS_SEARCH_USER_PATHS = NO;
				ASSETCATALOG_COMPILER_GENERATE_SWIFT_ASSET_SYMBOL_EXTENSIONS = YES;
				CLANG_ANALYZER_NONNULL = YES;
				CLANG_ANALYZER_NUMBER_OBJECT_CONVERSION = YES_AGGRESSIVE;
				CLANG_CXX_LANGUAGE_STANDARD = "gnu++20";
				CLANG_ENABLE_MODULES = YES;
				CLANG_ENABLE_OBJC_ARC = YES;
				CLANG_ENABLE_OBJC_WEAK = YES;
				CLANG_WARN_BLOCK_CAPTURE_AUTORELEASING = YES;
				CLANG_WARN_BOOL_CONVERSION = YES;
				CLANG_WARN_COMMA = YES;
				CLANG_WARN_CONSTANT_CONVERSION = YES;
				CLANG_WARN_DEPRECATED_OBJC_IMPLEMENTATIONS = YES;
				CLANG_WARN_DIRECT_OBJC_ISA_USAGE = YES_ERROR;
				CLANG_WARN_DOCUMENTATION_COMMENTS = YES;
				CLANG_WARN_EMPTY_BODY = YES;
				CLANG_WARN_ENUM_CONVERSION = YES;
				CLANG_WARN_INFINITE_RECURSION = YES;
				CLANG_WARN_INT_CONVERSION = YES;
				CLANG_WARN_NON_LITERAL_NULL_CONVERSION = YES;
				CLANG_WARN_OBJC_IMPLICIT_RETAIN_SELF = YES;
				CLANG_WARN_OBJC_LITERAL_CONVERSION = YES;
				CLANG_WARN_OBJC_ROOT_CLASS = YES_ERROR;
				CLANG_WARN_QUOTED_INCLUDE_IN_FRAMEWORK_HEADER = YES;
				CLANG_WARN_RANGE_LOOP_ANALYSIS = YES;
				CLANG_WARN_STRICT_PROTOTYPES = YES;
				CLANG_WARN_SUSPICIOUS_MOVE = YES;
				CLANG_WARN_UNGUARDED_AVAILABILITY = YES_AGGRESSIVE;
				CLANG_WARN_UNREACHABLE_CODE = YES;
				CLANG_WARN__DUPLICATE_METHOD_MATCH = YES;
				COPY_PHASE_STRIP = NO;
				DEBUG_INFORMATION_FORMAT = dwarf;
				ENABLE_STRICT_OBJC_MSGSEND = YES;
				ENABLE_TESTABILITY = YES;
				ENABLE_USER_SCRIPT_SANDBOXING = YES;
				GCC_C_LANGUAGE_STANDARD = gnu17;
				GCC_DYNAMIC_NO_PIC = NO;
				GCC_NO_COMMON_BLOCKS = YES;
				GCC_OPTIMIZATION_LEVEL = 0;
				GCC_PREPROCESSOR_DEFINITIONS = (
					"DEBUG=1",
					"$(inherited)",
				);
				GCC_WARN_64_TO_32_BIT_CONVERSION = YES;
				GCC_WARN_ABOUT_RETURN_TYPE = YES_ERROR;
				GCC_WARN_UNDECLARED_SELECTOR = YES;
				GCC_WARN_UNINITIALIZED_AUTOS = YES_AGGRESSIVE;
				GCC_WARN_UNUSED_FUNCTION = YES;
				GCC_WARN_UNUSED_VARIABLE = YES;
				IPHONEOS_DEPLOYMENT_TARGET = 17.5;
				LOCALIZATION_PREFERS_STRING_CATALOGS = YES;
				MTL_ENABLE_DEBUG_INFO = INCLUDE_SOURCE;
				MTL_FAST_MATH = YES;
				ONLY_ACTIVE_ARCH = YES;
				SDKROOT = iphoneos;
				SWIFT_ACTIVE_COMPILATION_CONDITIONS = "DEBUG $(inherited)";
				SWIFT_OPTIMIZATION_LEVEL = "-Onone";
			};
			name = Debug;
		};
		34D5BFA92BFF7829000A2B57 /* Release */ = {
			isa = XCBuildConfiguration;
			buildSettings = {
				ALWAYS_SEARCH_USER_PATHS = NO;
				ASSETCATALOG_COMPILER_GENERATE_SWIFT_ASSET_SYMBOL_EXTENSIONS = YES;
				CLANG_ANALYZER_NONNULL = YES;
				CLANG_ANALYZER_NUMBER_OBJECT_CONVERSION = YES_AGGRESSIVE;
				CLANG_CXX_LANGUAGE_STANDARD = "gnu++20";
				CLANG_ENABLE_MODULES = YES;
				CLANG_ENABLE_OBJC_ARC = YES;
				CLANG_ENABLE_OBJC_WEAK = YES;
				CLANG_WARN_BLOCK_CAPTURE_AUTORELEASING = YES;
				CLANG_WARN_BOOL_CONVERSION = YES;
				CLANG_WARN_COMMA = YES;
				CLANG_WARN_CONSTANT_CONVERSION = YES;
				CLANG_WARN_DEPRECATED_OBJC_IMPLEMENTATIONS = YES;
				CLANG_WARN_DIRECT_OBJC_ISA_USAGE = YES_ERROR;
				CLANG_WARN_DOCUMENTATION_COMMENTS = YES;
				CLANG_WARN_EMPTY_BODY = YES;
				CLANG_WARN_ENUM_CONVERSION = YES;
				CLANG_WARN_INFINITE_RECURSION = YES;
				CLANG_WARN_INT_CONVERSION = YES;
				CLANG_WARN_NON_LITERAL_NULL_CONVERSION = YES;
				CLANG_WARN_OBJC_IMPLICIT_RETAIN_SELF = YES;
				CLANG_WARN_OBJC_LITERAL_CONVERSION = YES;
				CLANG_WARN_OBJC_ROOT_CLASS = YES_ERROR;
				CLANG_WARN_QUOTED_INCLUDE_IN_FRAMEWORK_HEADER = YES;
				CLANG_WARN_RANGE_LOOP_ANALYSIS = YES;
				CLANG_WARN_STRICT_PROTOTYPES = YES;
				CLANG_WARN_SUSPICIOUS_MOVE = YES;
				CLANG_WARN_UNGUARDED_AVAILABILITY = YES_AGGRESSIVE;
				CLANG_WARN_UNREACHABLE_CODE = YES;
				CLANG_WARN__DUPLICATE_METHOD_MATCH = YES;
				COPY_PHASE_STRIP = NO;
				DEBUG_INFORMATION_FORMAT = "dwarf-with-dsym";
				ENABLE_NS_ASSERTIONS = NO;
				ENABLE_STRICT_OBJC_MSGSEND = YES;
				ENABLE_USER_SCRIPT_SANDBOXING = YES;
				GCC_C_LANGUAGE_STANDARD = gnu17;
				GCC_NO_COMMON_BLOCKS = YES;
				GCC_WARN_64_TO_32_BIT_CONVERSION = YES;
				GCC_WARN_ABOUT_RETURN_TYPE = YES_ERROR;
				GCC_WARN_UNDECLARED_SELECTOR = YES;
				GCC_WARN_UNINITIALIZED_AUTOS = YES_AGGRESSIVE;
				GCC_WARN_UNUSED_FUNCTION = YES;
				GCC_WARN_UNUSED_VARIABLE = YES;
				IPHONEOS_DEPLOYMENT_TARGET = 17.5;
				LOCALIZATION_PREFERS_STRING_CATALOGS = YES;
				MTL_ENABLE_DEBUG_INFO = NO;
				MTL_FAST_MATH = YES;
				SDKROOT = iphoneos;
				SWIFT_COMPILATION_MODE = wholemodule;
				VALIDATE_PRODUCT = YES;
			};
			name = Release;
		};
		34D5BFAB2BFF7829000A2B57 /* Debug */ = {
			isa = XCBuildConfiguration;
			buildSettings = {
				ASSETCATALOG_COMPILER_APPICON_NAME = AppIcon;
				ASSETCATALOG_COMPILER_GLOBAL_ACCENT_COLOR_NAME = AccentColor;
				CODE_SIGN_STYLE = Automatic;
				CURRENT_PROJECT_VERSION = 1;
				DEVELOPMENT_ASSET_PATHS = "\"TicTacToeSwiftUIGame/Preview Content\"";
				DEVELOPMENT_TEAM = U4A9CNA96C;
				ENABLE_PREVIEWS = YES;
				GENERATE_INFOPLIST_FILE = YES;
				INFOPLIST_KEY_UIApplicationSceneManifest_Generation = YES;
				INFOPLIST_KEY_UIApplicationSupportsIndirectInputEvents = YES;
				INFOPLIST_KEY_UILaunchScreen_Generation = YES;
				INFOPLIST_KEY_UISupportedInterfaceOrientations_iPad = "UIInterfaceOrientationPortrait UIInterfaceOrientationPortraitUpsideDown UIInterfaceOrientationLandscapeLeft UIInterfaceOrientationLandscapeRight";
				INFOPLIST_KEY_UISupportedInterfaceOrientations_iPhone = "UIInterfaceOrientationPortrait UIInterfaceOrientationLandscapeLeft UIInterfaceOrientationLandscapeRight";
				LD_RUNPATH_SEARCH_PATHS = (
					"$(inherited)",
					"@executable_path/Frameworks",
				);
				MARKETING_VERSION = 1.0;
				PRODUCT_BUNDLE_IDENTIFIER = com.hakobghlijyan.TicTacToeSwiftUIGame;
				PRODUCT_NAME = "$(TARGET_NAME)";
				SWIFT_EMIT_LOC_STRINGS = YES;
				SWIFT_VERSION = 5.0;
				TARGETED_DEVICE_FAMILY = "1,2";
			};
			name = Debug;
		};
		34D5BFAC2BFF7829000A2B57 /* Release */ = {
			isa = XCBuildConfiguration;
			buildSettings = {
				ASSETCATALOG_COMPILER_APPICON_NAME = AppIcon;
				ASSETCATALOG_COMPILER_GLOBAL_ACCENT_COLOR_NAME = AccentColor;
				CODE_SIGN_STYLE = Automatic;
				CURRENT_PROJECT_VERSION = 1;
				DEVELOPMENT_ASSET_PATHS = "\"TicTacToeSwiftUIGame/Preview Content\"";
				DEVELOPMENT_TEAM = U4A9CNA96C;
				ENABLE_PREVIEWS = YES;
				GENERATE_INFOPLIST_FILE = YES;
				INFOPLIST_KEY_UIApplicationSceneManifest_Generation = YES;
				INFOPLIST_KEY_UIApplicationSupportsIndirectInputEvents = YES;
				INFOPLIST_KEY_UILaunchScreen_Generation = YES;
				INFOPLIST_KEY_UISupportedInterfaceOrientations_iPad = "UIInterfaceOrientationPortrait UIInterfaceOrientationPortraitUpsideDown UIInterfaceOrientationLandscapeLeft UIInterfaceOrientationLandscapeRight";
				INFOPLIST_KEY_UISupportedInterfaceOrientations_iPhone = "UIInterfaceOrientationPortrait UIInterfaceOrientationLandscapeLeft UIInterfaceOrientationLandscapeRight";
				LD_RUNPATH_SEARCH_PATHS = (
					"$(inherited)",
					"@executable_path/Frameworks",
				);
				MARKETING_VERSION = 1.0;
				PRODUCT_BUNDLE_IDENTIFIER = com.hakobghlijyan.TicTacToeSwiftUIGame;
				PRODUCT_NAME = "$(TARGET_NAME)";
				SWIFT_EMIT_LOC_STRINGS = YES;
				SWIFT_VERSION = 5.0;
				TARGETED_DEVICE_FAMILY = "1,2";
			};
			name = Release;
		};
/* End XCBuildConfiguration section */

/* Begin XCConfigurationList section */
		34D5BF972BFF7828000A2B57 /* Build configuration list for PBXProject "TicTacToeSwiftUIGame" */ = {
			isa = XCConfigurationList;
			buildConfigurations = (
				34D5BFA82BFF7829000A2B57 /* Debug */,
				34D5BFA92BFF7829000A2B57 /* Release */,
			);
			defaultConfigurationIsVisible = 0;
			defaultConfigurationName = Release;
		};
		34D5BFAA2BFF7829000A2B57 /* Build configuration list for PBXNativeTarget "TicTacToeSwiftUIGame" */ = {
			isa = XCConfigurationList;
			buildConfigurations = (
				34D5BFAB2BFF7829000A2B57 /* Debug */,
				34D5BFAC2BFF7829000A2B57 /* Release */,
			);
			defaultConfigurationIsVisible = 0;
			defaultConfigurationName = Release;
		};
/* End XCConfigurationList section */
	};
	rootObject = 34D5BF942BFF7828000A2B57 /* Project object */;
}
